
Microsoft Visual Studio Solution File, Format Version 12.00
# Visual Studio Version 16
VisualStudioVersion = 16.0.30503.244
MinimumVisualStudioVersion = 10.0.40219.1
Project("{9A19103F-16F7-4668-BE54-9A1E7A4F7556}") = "Lab1_V1_Kuzmina", "Lab1_V1_Kuzmina\Lab1_V1_Kuzmina.csproj", "{9FB84DA1-1C64-45DA-9F15-D7319987C4A9}"
EndProject
Project("{FAE04EC0-301F-11D3-BF4B-00C04F79EFBC}") = "Lab2_V1_2_Kuzmina", "DataLibrary\Lab2_V1_2_Kuzmina.csproj", "{79E47EF3-1A3E-4A86-9F99-CCF73B48327D}"
EndProject
Global
	GlobalSection(SolutionConfigurationPlatforms) = preSolution
		Debug|Any CPU = Debug|Any CPU
		Release|Any CPU = Release|Any CPU
	EndGlobalSection
	GlobalSection(ProjectConfigurationPlatforms) = postSolution
		{9FB84DA1-1C64-45DA-9F15-D7319987C4A9}.Debug|Any CPU.ActiveCfg = Debug|Any CPU
		{9FB84DA1-1C64-45DA-9F15-D7319987C4A9}.Debug|Any CPU.Build.0 = Debug|Any CPU
		{9FB84DA1-1C64-45DA-9F15-D7319987C4A9}.Release|Any CPU.ActiveCfg = Release|Any CPU
		{9FB84DA1-1C64-45DA-9F15-D7319987C4A9}.Release|Any CPU.Build.0 = Release|Any CPU
		{79E47EF3-1A3E-4A86-9F99-CCF73B48327D}.Debug|Any CPU.ActiveCfg = Debug|Any CPU
		{79E47EF3-1A3E-4A86-9F99-CCF73B48327D}.Debug|Any CPU.Build.0 = Debug|Any CPU
		{79E47EF3-1A3E-4A86-9F99-CCF73B48327D}.Release|Any CPU.ActiveCfg = Release|Any CPU
		{79E47EF3-1A3E-4A86-9F99-CCF73B48327D}.Release|Any CPU.Build.0 = Release|Any CPU
	EndGlobalSection
	GlobalSection(SolutionProperties) = preSolution
		HideSolutionNode = FALSE
	EndGlobalSection
	GlobalSection(ExtensibilityGlobals) = postSolution
		SolutionGuid = {FC650FC7-E503-4112-AF43-D9CF30FD0695}
	EndGlobalSection
EndGlobal
